
Microsoft Visual Studio Solution File, Format Version 12.00
# Visual Studio 15
VisualStudioVersion = 15.0.28307.1831
MinimumVisualStudioVersion = 10.0.40219.1
Project("{FAE04EC0-301F-11D3-BF4B-00C04F79EFBC}") = "WebBrowserCSharp", "WebBrowserCSharp\WebBrowserCSharp.csproj", "{1636A5CC-938E-4329-B6A9-F3A4D819A980}"
EndProject
Global
	GlobalSection(SolutionConfigurationPlatforms) = preSolution
		Debug|Any CPU = Debug|Any CPU
		Release|Any CPU = Release|Any CPU
	EndGlobalSection
	GlobalSection(ProjectConfigurationPlatforms) = postSolution
		{1636A5CC-938E-4329-B6A9-F3A4D819A980}.Debug|Any CPU.ActiveCfg = Debug|Any CPU
		{1636A5CC-938E-4329-B6A9-F3A4D819A980}.Debug|Any CPU.Build.0 = Debug|Any CPU
		{1636A5CC-938E-4329-B6A9-F3A4D819A980}.Release|Any CPU.ActiveCfg = Release|Any CPU
		{1636A5CC-938E-4329-B6A9-F3A4D819A980}.Release|Any CPU.Build.0 = Release|Any CPU
	EndGlobalSection
	GlobalSection(SolutionProperties) = preSolution
		HideSolutionNode = FALSE
	EndGlobalSection
	GlobalSection(ExtensibilityGlobals) = postSolution
		SolutionGuid = {A9881311-0482-490B-A36A-EC9299CB92DC}
	EndGlobalSection
EndGlobal
